Microsoft Visual Studio Solution File, Format Version 12.00
# Visual Studio Version 17
VisualStudioVersion = 17.5.2.0
MinimumVisualStudioVersion = 10.0.40219.1
Project("{FAE04EC0-301F-11D3-BF4B-00C04F79EFBC}") = "NobelLaureatesApp", "NobelLaureatesApp.csproj", "{711D9FDE-2CC8-94E9-41BE-AEF4A04B7AE2}"
EndProject
Global
	GlobalSection(SolutionConfigurationPlatforms) = preSolution
		Debug|Any CPU = Debug|Any CPU
		Release|Any CPU = Release|Any CPU
	EndGlobalSection
	GlobalSection(ProjectConfigurationPlatforms) = postSolution
		{711D9FDE-2CC8-94E9-41BE-AEF4A04B7AE2}.Debug|Any CPU.ActiveCfg = Debug|Any CPU
		{711D9FDE-2CC8-94E9-41BE-AEF4A04B7AE2}.Debug|Any CPU.Build.0 = Debug|Any CPU
		{711D9FDE-2CC8-94E9-41BE-AEF4A04B7AE2}.Release|Any CPU.ActiveCfg = Release|Any CPU
		{711D9FDE-2CC8-94E9-41BE-AEF4A04B7AE2}.Release|Any CPU.Build.0 = Release|Any CPU
	EndGlobalSection
	GlobalSection(SolutionProperties) = preSolution
		HideSolutionNode = FALSE
	EndGlobalSection
	GlobalSection(ExtensibilityGlobals) = postSolution
		SolutionGuid = {C065D393-DB87-46A8-8C04-D30D1FBB36D8}
	EndGlobalSection
EndGlobal
